
Microsoft Visual Studio Solution File, Format Version 12.00
# Visual Studio Version 17
VisualStudioVersion = 17.3.32901.215
MinimumVisualStudioVersion = 10.0.40219.1
Project("{FAE04EC0-301F-11D3-BF4B-00C04F79EFBC}") = "HTTPDEMO", "HTTPDEMO\HTTPDEMO.csproj", "{186C0D79-573E-4C60-BAAE-05DBB6BF047A}"
EndProject
Global
	GlobalSection(SolutionConfigurationPlatforms) = preSolution
		Debug|Any CPU = Debug|Any CPU
		Release|Any CPU = Release|Any CPU
	EndGlobalSection
	GlobalSection(ProjectConfigurationPlatforms) = postSolution
		{186C0D79-573E-4C60-BAAE-05DBB6BF047A}.Debug|Any CPU.ActiveCfg = Debug|Any CPU
		{186C0D79-573E-4C60-BAAE-05DBB6BF047A}.Debug|Any CPU.Build.0 = Debug|Any CPU
		{186C0D79-573E-4C60-BAAE-05DBB6BF047A}.Release|Any CPU.ActiveCfg = Release|Any CPU
		{186C0D79-573E-4C60-BAAE-05DBB6BF047A}.Release|Any CPU.Build.0 = Release|Any CPU
	EndGlobalSection
	GlobalSection(SolutionProperties) = preSolution
		HideSolutionNode = FALSE
	EndGlobalSection
	GlobalSection(ExtensibilityGlobals) = postSolution
		SolutionGuid = {A0CB4ADD-9511-48F7-BA3D-53C85BDC7ED3}
	EndGlobalSection
EndGlobal
